PODS:
  - Flutter (1.0.0)
  - flutter_blue (0.0.1):
    - Flutter
    - flutter_blue/Protos (= 0.0.1)
  - flutter_blue/Protos (0.0.1):
    - Flutter
    - Protobuf (~> 3.19.1)
  - Protobuf (3.19.1)

DEPENDENCIES:
  - Flutter (from `Flutter`)
  - flutter_blue (from `.symlinks/plugins/flutter_blue/ios`)

SPEC REPOS:
  trunk:
    - Protobuf

EXTERNAL SOURCES:
  Flutter:
    :path: Flutter
  flutter_blue:
    :path: ".symlinks/plugins/flutter_blue/ios"

SPEC CHECKSUMS:
  Flutter: 50d75fe2f02b26cc09d224853bb45737f8b3214a
  flutter_blue: ad60d4f34b4a551bb2043a9da193fbcb44842cf8
  Protobuf: 3724efa50cb2846d7ccebc8691c574e85fd74471

PODFILE CHECKSUM: 8e679eca47255a8ca8067c4c67aab20e64cb974d

COCOAPODS: 1.10.1
